
Microsoft Visual Studio Solution File, Format Version 12.00
# Visual Studio Version 16
VisualStudioVersion = 16.0.29613.14
MinimumVisualStudioVersion = 10.0.40219.1
Project("{FAE04EC0-301F-11D3-BF4B-00C04F79EFBC}") = "IView", "IView\IView.csproj", "{052DEE98-DA13-4736-A190-6E08B97C590C}"
EndProject
Global
	GlobalSection(SolutionConfigurationPlatforms) = preSolution
		Debug|Any CPU = Debug|Any CPU
		Release|Any CPU = Release|Any CPU
	EndGlobalSection
	GlobalSection(ProjectConfigurationPlatforms) = postSolution
		{052DEE98-DA13-4736-A190-6E08B97C590C}.Debug|Any CPU.ActiveCfg = Debug|Any CPU
		{052DEE98-DA13-4736-A190-6E08B97C590C}.Debug|Any CPU.Build.0 = Debug|Any CPU
		{052DEE98-DA13-4736-A190-6E08B97C590C}.Release|Any CPU.ActiveCfg = Release|Any CPU
		{052DEE98-DA13-4736-A190-6E08B97C590C}.Release|Any CPU.Build.0 = Release|Any CPU
	EndGlobalSection
	GlobalSection(SolutionProperties) = preSolution
		HideSolutionNode = FALSE
	EndGlobalSection
	GlobalSection(ExtensibilityGlobals) = postSolution
		SolutionGuid = {BE12161F-30A8-4C9D-9A14-775458764D83}
	EndGlobalSection
EndGlobal
